// !$*UTF8*$!
{
	archiveVersion = 1;
	classes = {
	};
	objectVersion = 50;
	objects = {

/* Begin PBXBuildFile section */
		93907DA028C4968A0018C09C /* Collection+Safe.swift in Sources */ = {isa = PBXBuildFile; fileRef = 93907D9E28C4968A0018C09C /* Collection+Safe.swift */; };
		93907DA128C4968A0018C09C /* CALayer+Extension.swift in Sources */ = {isa = PBXBuildFile; fileRef = 93907D9F28C4968A0018C09C /* CALayer+Extension.swift */; };
		93907DA328C496900018C09C /* InAppPurchase.swift in Sources */ = {isa = PBXBuildFile; fileRef = 93907DA228C496900018C09C /* InAppPurchase.swift */; };
		93907DC528C4969F0018C09C /* UIImageExtensions.swift in Sources */ = {isa = PBXBuildFile; fileRef = 93907DA428C4969D0018C09C /* UIImageExtensions.swift */; };
		93907DC628C4969F0018C09C /* UISearchBarExtensions.swift in Sources */ = {isa = PBXBuildFile; fileRef = 93907DA528C4969E0018C09C /* UISearchBarExtensions.swift */; };
		93907DC728C4969F0018C09C /* UINavigationItemExtensions.swift in Sources */ = {isa = PBXBuildFile; fileRef = 93907DA628C4969E0018C09C /* UINavigationItemExtensions.swift */; };
		93907DC828C4969F0018C09C /* UILabelExtensions.swift in Sources */ = {isa = PBXBuildFile; fileRef = 93907DA728C4969E0018C09C /* UILabelExtensions.swift */; };
		93907DC928C4969F0018C09C /* UIActivityExtensions.swift in Sources */ = {isa = PBXBuildFile; fileRef = 93907DA828C4969E0018C09C /* UIActivityExtensions.swift */; };
		93907DCA28C4969F0018C09C /* UINavigationBarExtensions.swift in Sources */ = {isa = PBXBuildFile; fileRef = 93907DA928C4969E0018C09C /* UINavigationBarExtensions.swift */; };
		93907DCB28C4969F0018C09C /* UITableViewExtensions.swift in Sources */ = {isa = PBXBuildFile; fileRef = 93907DAA28C4969E0018C09C /* UITableViewExtensions.swift */; };
		93907DCC28C4969F0018C09C /* UINavigationControllerExtensions.swift in Sources */ = {isa = PBXBuildFile; fileRef = 93907DAB28C4969E0018C09C /* UINavigationControllerExtensions.swift */; };
		93907DCD28C4969F0018C09C /* UILayoutPriorityExtensions.swift in Sources */ = {isa = PBXBuildFile; fileRef = 93907DAC28C4969E0018C09C /* UILayoutPriorityExtensions.swift */; };
		93907DCE28C4969F0018C09C /* UIViewExtensions.swift in Sources */ = {isa = PBXBuildFile; fileRef = 93907DAD28C4969E0018C09C /* UIViewExtensions.swift */; };
		93907DCF28C4969F0018C09C /* ColorExtensions.swift in Sources */ = {isa = PBXBuildFile; fileRef = 93907DAE28C4969E0018C09C /* ColorExtensions.swift */; };
		93907DD028C4969F0018C09C /* UICollectionViewExtensions.swift in Sources */ = {isa = PBXBuildFile; fileRef = 93907DAF28C4969E0018C09C /* UICollectionViewExtensions.swift */; };
		93907DD128C4969F0018C09C /* UIFontExtensions.swift in Sources */ = {isa = PBXBuildFile; fileRef = 93907DB028C4969E0018C09C /* UIFontExtensions.swift */; };
		93907DD228C4969F0018C09C /* UISegmentedControlExtensions.swift in Sources */ = {isa = PBXBuildFile; fileRef = 93907DB128C4969E0018C09C /* UISegmentedControlExtensions.swift */; };
		93907DD328C4969F0018C09C /* UITabBarExtensions.swift in Sources */ = {isa = PBXBuildFile; fileRef = 93907DB228C4969E0018C09C /* UITabBarExtensions.swift */; };
		93907DD428C4969F0018C09C /* UIAlertControllerExtensions.swift in Sources */ = {isa = PBXBuildFile; fileRef = 93907DB328C4969E0018C09C /* UIAlertControllerExtensions.swift */; };
		93907DD528C4969F0018C09C /* UIViewControllerExtensions.swift in Sources */ = {isa = PBXBuildFile; fileRef = 93907DB428C4969E0018C09C /* UIViewControllerExtensions.swift */; };
		93907DD628C4969F0018C09C /* UIView+Extension.swift in Sources */ = {isa = PBXBuildFile; fileRef = 93907DB528C4969E0018C09C /* UIView+Extension.swift */; };
		93907DD728C4969F0018C09C /* UIWindowExtensions.swift in Sources */ = {isa = PBXBuildFile; fileRef = 93907DB628C4969E0018C09C /* UIWindowExtensions.swift */; };
		93907DD828C4969F0018C09C /* UIStackViewExtensions.swift in Sources */ = {isa = PBXBuildFile; fileRef = 93907DB728C4969E0018C09C /* UIStackViewExtensions.swift */; };
		93907DD928C4969F0018C09C /* UIEdgeInsetsExtensions.swift in Sources */ = {isa = PBXBuildFile; fileRef = 93907DB828C4969F0018C09C /* UIEdgeInsetsExtensions.swift */; };
		93907DDA28C4969F0018C09C /* UISwitchExtensions.swift in Sources */ = {isa = PBXBuildFile; fileRef = 93907DB928C4969F0018C09C /* UISwitchExtensions.swift */; };
		93907DDB28C4969F0018C09C /* UIScrollViewExtensions.swift in Sources */ = {isa = PBXBuildFile; fileRef = 93907DBA28C4969F0018C09C /* UIScrollViewExtensions.swift */; };
		93907DDC28C4969F0018C09C /* UIStoryboardExtensions.swift in Sources */ = {isa = PBXBuildFile; fileRef = 93907DBB28C4969F0018C09C /* UIStoryboardExtensions.swift */; };
		93907DDD28C4969F0018C09C /* UIRefreshControlExtensions.swift in Sources */ = {isa = PBXBuildFile; fileRef = 93907DBC28C4969F0018C09C /* UIRefreshControlExtensions.swift */; };
		93907DDE28C4969F0018C09C /* UITextField+Extensions.swift in Sources */ = {isa = PBXBuildFile; fileRef = 93907DBD28C4969F0018C09C /* UITextField+Extensions.swift */; };
		93907DDF28C4969F0018C09C /* UIBarButtonItemExtensions.swift in Sources */ = {isa = PBXBuildFile; fileRef = 93907DBE28C4969F0018C09C /* UIBarButtonItemExtensions.swift */; };
		93907DE028C4969F0018C09C /* UIApplicationExtensions.swift in Sources */ = {isa = PBXBuildFile; fileRef = 93907DBF28C4969F0018C09C /* UIApplicationExtensions.swift */; };
		93907DE128C4969F0018C09C /* UIDatePickerExtensions.swift in Sources */ = {isa = PBXBuildFile; fileRef = 93907DC028C4969F0018C09C /* UIDatePickerExtensions.swift */; };
		93907DE228C4969F0018C09C /* UITextViewExtensions.swift in Sources */ = {isa = PBXBuildFile; fileRef = 93907DC128C4969F0018C09C /* UITextViewExtensions.swift */; };
		93907DE328C4969F0018C09C /* UISliderExtensions.swift in Sources */ = {isa = PBXBuildFile; fileRef = 93907DC228C4969F0018C09C /* UISliderExtensions.swift */; };
		93907DE428C4969F0018C09C /* UIGestureRecognizerExtensions.swift in Sources */ = {isa = PBXBuildFile; fileRef = 93907DC328C4969F0018C09C /* UIGestureRecognizerExtensions.swift */; };
		93907DE528C4969F0018C09C /* UIImageViewExtensions.swift in Sources */ = {isa = PBXBuildFile; fileRef = 93907DC428C4969F0018C09C /* UIImageViewExtensions.swift */; };
		93907DFC28C496C50018C09C /* UIButton+Extension.swift in Sources */ = {isa = PBXBuildFile; fileRef = 93907DE628C496C40018C09C /* UIButton+Extension.swift */; };
		93907DFD28C496C50018C09C /* ArrayExxtension.swift in Sources */ = {isa = PBXBuildFile; fileRef = 93907DE728C496C40018C09C /* ArrayExxtension.swift */; };
		93907DFE28C496C50018C09C /* NumberExtension.swift in Sources */ = {isa = PBXBuildFile; fileRef = 93907DE828C496C40018C09C /* NumberExtension.swift */; };
		93907DFF28C496C50018C09C /* LabelExtension.swift in Sources */ = {isa = PBXBuildFile; fileRef = 93907DE928C496C40018C09C /* LabelExtension.swift */; };
		93907E0028C496C50018C09C /* UIWindow+Extension.swift in Sources */ = {isa = PBXBuildFile; fileRef = 93907DEA28C496C40018C09C /* UIWindow+Extension.swift */; };
		93907E0128C496C50018C09C /* UIApplication+Extension.swift in Sources */ = {isa = PBXBuildFile; fileRef = 93907DEB28C496C40018C09C /* UIApplication+Extension.swift */; };
		93907E0228C496C50018C09C /* UITapgesture+Extension.swift in Sources */ = {isa = PBXBuildFile; fileRef = 93907DEC28C496C40018C09C /* UITapgesture+Extension.swift */; };
		93907E0328C496C50018C09C /* UIColor+Extensions.swift in Sources */ = {isa = PBXBuildFile; fileRef = 93907DED28C496C40018C09C /* UIColor+Extensions.swift */; };
		93907E0428C496C50018C09C /* StringExtension.swift in Sources */ = {isa = PBXBuildFile; fileRef = 93907DEE28C496C40018C09C /* StringExtension.swift */; };
		93907E0528C496C50018C09C /* DecimalNumber+Extension.swift in Sources */ = {isa = PBXBuildFile; fileRef = 93907DEF28C496C40018C09C /* DecimalNumber+Extension.swift */; };
		93907E0628C496C50018C09C /* Font+Extension.swift in Sources */ = {isa = PBXBuildFile; fileRef = 93907DF028C496C40018C09C /* Font+Extension.swift */; };
		93907E0728C496C50018C09C /* UITextField_Extension.swift in Sources */ = {isa = PBXBuildFile; fileRef = 93907DF128C496C40018C09C /* UITextField_Extension.swift */; };
		93907E0828C496C50018C09C /* ViewControllerExtension.swift in Sources */ = {isa = PBXBuildFile; fileRef = 93907DF228C496C40018C09C /* ViewControllerExtension.swift */; };
		93907E0928C496C50018C09C /* CALayerExtension.swift in Sources */ = {isa = PBXBuildFile; fileRef = 93907DF328C496C40018C09C /* CALayerExtension.swift */; };
		93907E0A28C496C50018C09C /* Collection+Extension.swift in Sources */ = {isa = PBXBuildFile; fileRef = 93907DF428C496C40018C09C /* Collection+Extension.swift */; };
		93907E0B28C496C50018C09C /* SKProductModel.swift in Sources */ = {isa = PBXBuildFile; fileRef = 93907DF528C496C40018C09C /* SKProductModel.swift */; };
		93907E0C28C496C50018C09C /* String+Extension.swift in Sources */ = {isa = PBXBuildFile; fileRef = 93907DF628C496C50018C09C /* String+Extension.swift */; };
		93907E0D28C496C50018C09C /* DateExtension.swift in Sources */ = {isa = PBXBuildFile; fileRef = 93907DF728C496C50018C09C /* DateExtension.swift */; };
		93907E0E28C496C50018C09C /* CustomSegment.swift in Sources */ = {isa = PBXBuildFile; fileRef = 93907DF828C496C50018C09C /* CustomSegment.swift */; };
		93907E0F28C496C50018C09C /* UITextViewExtension.swift in Sources */ = {isa = PBXBuildFile; fileRef = 93907DF928C496C50018C09C /* UITextViewExtension.swift */; };
		93907E1028C496C50018C09C /* ViewExtension.swift in Sources */ = {isa = PBXBuildFile; fileRef = 93907DFA28C496C50018C09C /* ViewExtension.swift */; };
		93907E1128C496C50018C09C /* UILableExtension.swift in Sources */ = {isa = PBXBuildFile; fileRef = 93907DFB28C496C50018C09C /* UILableExtension.swift */; };
		93AF2B0228001C5800CE69FD /* KeyboardInfo.swift in Sources */ = {isa = PBXBuildFile; fileRef = 93AF2B0128001C5800CE69FD /* KeyboardInfo.swift */; };
		93C2C13429840920007130AC /* Extension.swift in Sources */ = {isa = PBXBuildFile; fileRef = 93C2C13329840920007130AC /* Extension.swift */; };
		93DE8C5827FEC8D6003C60BA /* BaseCodeEasy.h in Headers */ = {isa = PBXBuildFile; fileRef = 93DE8C5627FEC8D6003C60BA /* BaseCodeEasy.h */; settings = {ATTRIBUTES = (Public, ); }; };
/* End PBXBuildFile section */

/* Begin PBXFileReference section */
		93907D9E28C4968A0018C09C /* Collection+Safe.swift */ = {isa = PBXFileReference; fileEncoding = 4; lastKnownFileType = sourcecode.swift; path = "Collection+Safe.swift"; sourceTree = "<group>"; };
		93907D9F28C4968A0018C09C /* CALayer+Extension.swift */ = {isa = PBXFileReference; fileEncoding = 4; lastKnownFileType = sourcecode.swift; path = "CALayer+Extension.swift"; sourceTree = "<group>"; };
		93907DA228C496900018C09C /* InAppPurchase.swift */ = {isa = PBXFileReference; fileEncoding = 4; lastKnownFileType = sourcecode.swift; path = InAppPurchase.swift; sourceTree = "<group>"; };
		93907DA428C4969D0018C09C /* UIImageExtensions.swift */ = {isa = PBXFileReference; fileEncoding = 4; lastKnownFileType = sourcecode.swift; path = UIImageExtensions.swift; sourceTree = "<group>"; };
		93907DA528C4969E0018C09C /* UISearchBarExtensions.swift */ = {isa = PBXFileReference; fileEncoding = 4; lastKnownFileType = sourcecode.swift; path = UISearchBarExtensions.swift; sourceTree = "<group>"; };
		93907DA628C4969E0018C09C /* UINavigationItemExtensions.swift */ = {isa = PBXFileReference; fileEncoding = 4; lastKnownFileType = sourcecode.swift; path = UINavigationItemExtensions.swift; sourceTree = "<group>"; };
		93907DA728C4969E0018C09C /* UILabelExtensions.swift */ = {isa = PBXFileReference; fileEncoding = 4; lastKnownFileType = sourcecode.swift; path = UILabelExtensions.swift; sourceTree = "<group>"; };
		93907DA828C4969E0018C09C /* UIActivityExtensions.swift */ = {isa = PBXFileReference; fileEncoding = 4; lastKnownFileType = sourcecode.swift; path = UIActivityExtensions.swift; sourceTree = "<group>"; };
		93907DA928C4969E0018C09C /* UINavigationBarExtensions.swift */ = {isa = PBXFileReference; fileEncoding = 4; lastKnownFileType = sourcecode.swift; path = UINavigationBarExtensions.swift; sourceTree = "<group>"; };
		93907DAA28C4969E0018C09C /* UITableViewExtensions.swift */ = {isa = PBXFileReference; fileEncoding = 4; lastKnownFileType = sourcecode.swift; path = UITableViewExtensions.swift; sourceTree = "<group>"; };
		93907DAB28C4969E0018C09C /* UINavigationControllerExtensions.swift */ = {isa = PBXFileReference; fileEncoding = 4; lastKnownFileType = sourcecode.swift; path = UINavigationControllerExtensions.swift; sourceTree = "<group>"; };
		93907DAC28C4969E0018C09C /* UILayoutPriorityExtensions.swift */ = {isa = PBXFileReference; fileEncoding = 4; lastKnownFileType = sourcecode.swift; path = UILayoutPriorityExtensions.swift; sourceTree = "<group>"; };
		93907DAD28C4969E0018C09C /* UIViewExtensions.swift */ = {isa = PBXFileReference; fileEncoding = 4; lastKnownFileType = sourcecode.swift; path = UIViewExtensions.swift; sourceTree = "<group>"; };
		93907DAE28C4969E0018C09C /* ColorExtensions.swift */ = {isa = PBXFileReference; fileEncoding = 4; lastKnownFileType = sourcecode.swift; path = ColorExtensions.swift; sourceTree = "<group>"; };
		93907DAF28C4969E0018C09C /* UICollectionViewExtensions.swift */ = {isa = PBXFileReference; fileEncoding = 4; lastKnownFileType = sourcecode.swift; path = UICollectionViewExtensions.swift; sourceTree = "<group>"; };
		93907DB028C4969E0018C09C /* UIFontExtensions.swift */ = {isa = PBXFileReference; fileEncoding = 4; lastKnownFileType = sourcecode.swift; path = UIFontExtensions.swift; sourceTree = "<group>"; };
		93907DB128C4969E0018C09C /* UISegmentedControlExtensions.swift */ = {isa = PBXFileReference; fileEncoding = 4; lastKnownFileType = sourcecode.swift; path = UISegmentedControlExtensions.swift; sourceTree = "<group>"; };
		93907DB228C4969E0018C09C /* UITabBarExtensions.swift */ = {isa = PBXFileReference; fileEncoding = 4; lastKnownFileType = sourcecode.swift; path = UITabBarExtensions.swift; sourceTree = "<group>"; };
		93907DB328C4969E0018C09C /* UIAlertControllerExtensions.swift */ = {isa = PBXFileReference; fileEncoding = 4; lastKnownFileType = sourcecode.swift; path = UIAlertControllerExtensions.swift; sourceTree = "<group>"; };
		93907DB428C4969E0018C09C /* UIViewControllerExtensions.swift */ = {isa = PBXFileReference; fileEncoding = 4; lastKnownFileType = sourcecode.swift; path = UIViewControllerExtensions.swift; sourceTree = "<group>"; };
		93907DB528C4969E0018C09C /* UIView+Extension.swift */ = {isa = PBXFileReference; fileEncoding = 4; lastKnownFileType = sourcecode.swift; path = "UIView+Extension.swift"; sourceTree = "<group>"; };
		93907DB628C4969E0018C09C /* UIWindowExtensions.swift */ = {isa = PBXFileReference; fileEncoding = 4; lastKnownFileType = sourcecode.swift; path = UIWindowExtensions.swift; sourceTree = "<group>"; };
		93907DB728C4969E0018C09C /* UIStackViewExtensions.swift */ = {isa = PBXFileReference; fileEncoding = 4; lastKnownFileType = sourcecode.swift; path = UIStackViewExtensions.swift; sourceTree = "<group>"; };
		93907DB828C4969F0018C09C /* UIEdgeInsetsExtensions.swift */ = {isa = PBXFileReference; fileEncoding = 4; lastKnownFileType = sourcecode.swift; path = UIEdgeInsetsExtensions.swift; sourceTree = "<group>"; };
		93907DB928C4969F0018C09C /* UISwitchExtensions.swift */ = {isa = PBXFileReference; fileEncoding = 4; lastKnownFileType = sourcecode.swift; path = UISwitchExtensions.swift; sourceTree = "<group>"; };
		93907DBA28C4969F0018C09C /* UIScrollViewExtensions.swift */ = {isa = PBXFileReference; fileEncoding = 4; lastKnownFileType = sourcecode.swift; path = UIScrollViewExtensions.swift; sourceTree = "<group>"; };
		93907DBB28C4969F0018C09C /* UIStoryboardExtensions.swift */ = {isa = PBXFileReference; fileEncoding = 4; lastKnownFileType = sourcecode.swift; path = UIStoryboardExtensions.swift; sourceTree = "<group>"; };
		93907DBC28C4969F0018C09C /* UIRefreshControlExtensions.swift */ = {isa = PBXFileReference; fileEncoding = 4; lastKnownFileType = sourcecode.swift; path = UIRefreshControlExtensions.swift; sourceTree = "<group>"; };
		93907DBD28C4969F0018C09C /* UITextField+Extensions.swift */ = {isa = PBXFileReference; fileEncoding = 4; lastKnownFileType = sourcecode.swift; path = "UITextField+Extensions.swift"; sourceTree = "<group>"; };
		93907DBE28C4969F0018C09C /* UIBarButtonItemExtensions.swift */ = {isa = PBXFileReference; fileEncoding = 4; lastKnownFileType = sourcecode.swift; path = UIBarButtonItemExtensions.swift; sourceTree = "<group>"; };
		93907DBF28C4969F0018C09C /* UIApplicationExtensions.swift */ = {isa = PBXFileReference; fileEncoding = 4; lastKnownFileType = sourcecode.swift; path = UIApplicationExtensions.swift; sourceTree = "<group>"; };
		93907DC028C4969F0018C09C /* UIDatePickerExtensions.swift */ = {isa = PBXFileReference; fileEncoding = 4; lastKnownFileType = sourcecode.swift; path = UIDatePickerExtensions.swift; sourceTree = "<group>"; };
		93907DC128C4969F0018C09C /* UITextViewExtensions.swift */ = {isa = PBXFileReference; fileEncoding = 4; lastKnownFileType = sourcecode.swift; path = UITextViewExtensions.swift; sourceTree = "<group>"; };
		93907DC228C4969F0018C09C /* UISliderExtensions.swift */ = {isa = PBXFileReference; fileEncoding = 4; lastKnownFileType = sourcecode.swift; path = UISliderExtensions.swift; sourceTree = "<group>"; };
		93907DC328C4969F0018C09C /* UIGestureRecognizerExtensions.swift */ = {isa = PBXFileReference; fileEncoding = 4; lastKnownFileType = sourcecode.swift; path = UIGestureRecognizerExtensions.swift; sourceTree = "<group>"; };
		93907DC428C4969F0018C09C /* UIImageViewExtensions.swift */ = {isa = PBXFileReference; fileEncoding = 4; lastKnownFileType = sourcecode.swift; path = UIImageViewExtensions.swift; sourceTree = "<group>"; };
		93907DE628C496C40018C09C /* UIButton+Extension.swift */ = {isa = PBXFileReference; fileEncoding = 4; lastKnownFileType = sourcecode.swift; path = "UIButton+Extension.swift"; sourceTree = "<group>"; };
		93907DE728C496C40018C09C /* ArrayExxtension.swift */ = {isa = PBXFileReference; fileEncoding = 4; lastKnownFileType = sourcecode.swift; path = ArrayExxtension.swift; sourceTree = "<group>"; };
		93907DE828C496C40018C09C /* NumberExtension.swift */ = {isa = PBXFileReference; fileEncoding = 4; lastKnownFileType = sourcecode.swift; path = NumberExtension.swift; sourceTree = "<group>"; };
		93907DE928C496C40018C09C /* LabelExtension.swift */ = {isa = PBXFileReference; fileEncoding = 4; lastKnownFileType = sourcecode.swift; path = LabelExtension.swift; sourceTree = "<group>"; };
		93907DEA28C496C40018C09C /* UIWindow+Extension.swift */ = {isa = PBXFileReference; fileEncoding = 4; lastKnownFileType = sourcecode.swift; path = "UIWindow+Extension.swift"; sourceTree = "<group>"; };
		93907DEB28C496C40018C09C /* UIApplication+Extension.swift */ = {isa = PBXFileReference; fileEncoding = 4; lastKnownFileType = sourcecode.swift; path = "UIApplication+Extension.swift"; sourceTree = "<group>"; };
		93907DEC28C496C40018C09C /* UITapgesture+Extension.swift */ = {isa = PBXFileReference; fileEncoding = 4; lastKnownFileType = sourcecode.swift; path = "UITapgesture+Extension.swift"; sourceTree = "<group>"; };
		93907DED28C496C40018C09C /* UIColor+Extensions.swift */ = {isa = PBXFileReference; fileEncoding = 4; lastKnownFileType = sourcecode.swift; path = "UIColor+Extensions.swift"; sourceTree = "<group>"; };
		93907DEE28C496C40018C09C /* StringExtension.swift */ = {isa = PBXFileReference; fileEncoding = 4; lastKnownFileType = sourcecode.swift; path = StringExtension.swift; sourceTree = "<group>"; };
		93907DEF28C496C40018C09C /* DecimalNumber+Extension.swift */ = {isa = PBXFileReference; fileEncoding = 4; lastKnownFileType = sourcecode.swift; path = "DecimalNumber+Extension.swift"; sourceTree = "<group>"; };
		93907DF028C496C40018C09C /* Font+Extension.swift */ = {isa = PBXFileReference; fileEncoding = 4; lastKnownFileType = sourcecode.swift; path = "Font+Extension.swift"; sourceTree = "<group>"; };
		93907DF128C496C40018C09C /* UITextField_Extension.swift */ = {isa = PBXFileReference; fileEncoding = 4; lastKnownFileType = sourcecode.swift; path = UITextField_Extension.swift; sourceTree = "<group>"; };
		93907DF228C496C40018C09C /* ViewControllerExtension.swift */ = {isa = PBXFileReference; fileEncoding = 4; lastKnownFileType = sourcecode.swift; path = ViewControllerExtension.swift; sourceTree = "<group>"; };
		93907DF328C496C40018C09C /* CALayerExtension.swift */ = {isa = PBXFileReference; fileEncoding = 4; lastKnownFileType = sourcecode.swift; path = CALayerExtension.swift; sourceTree = "<group>"; };
		93907DF428C496C40018C09C /* Collection+Extension.swift */ = {isa = PBXFileReference; fileEncoding = 4; lastKnownFileType = sourcecode.swift; path = "Collection+Extension.swift"; sourceTree = "<group>"; };
		93907DF528C496C40018C09C /* SKProductModel.swift */ = {isa = PBXFileReference; fileEncoding = 4; lastKnownFileType = sourcecode.swift; path = SKProductModel.swift; sourceTree = "<group>"; };
		93907DF628C496C50018C09C /* String+Extension.swift */ = {isa = PBXFileReference; fileEncoding = 4; lastKnownFileType = sourcecode.swift; path = "String+Extension.swift"; sourceTree = "<group>"; };
		93907DF728C496C50018C09C /* DateExtension.swift */ = {isa = PBXFileReference; fileEncoding = 4; lastKnownFileType = sourcecode.swift; path = DateExtension.swift; sourceTree = "<group>"; };
		93907DF828C496C50018C09C /* CustomSegment.swift */ = {isa = PBXFileReference; fileEncoding = 4; lastKnownFileType = sourcecode.swift; name = CustomSegment.swift; path = ../../../../ManageFilesVer2/ManageFiles/Pods/EasyBaseCodes/BaseCodeEasy/BaseCodeEasy/Library/CustomSegment.swift; sourceTree = "<group>"; };
		93907DF928C496C50018C09C /* UITextViewExtension.swift */ = {isa = PBXFileReference; fileEncoding = 4; lastKnownFileType = sourcecode.swift; path = UITextViewExtension.swift; sourceTree = "<group>"; };
		93907DFA28C496C50018C09C /* ViewExtension.swift */ = {isa = PBXFileReference; fileEncoding = 4; lastKnownFileType = sourcecode.swift; path = ViewExtension.swift; sourceTree = "<group>"; };
		93907DFB28C496C50018C09C /* UILableExtension.swift */ = {isa = PBXFileReference; fileEncoding = 4; lastKnownFileType = sourcecode.swift; path = UILableExtension.swift; sourceTree = "<group>"; };
		93AF2B0128001C5800CE69FD /* KeyboardInfo.swift */ = {isa = PBXFileReference; fileEncoding = 4; lastKnownFileType = sourcecode.swift; path = KeyboardInfo.swift; sourceTree = "<group>"; };
		93C2C13329840920007130AC /* Extension.swift */ = {isa = PBXFileReference; lastKnownFileType = sourcecode.swift; path = Extension.swift; sourceTree = "<group>"; };
		93DE8C5327FEC8D6003C60BA /* BaseCodeEasy.framework */ = {isa = PBXFileReference; explicitFileType = wrapper.framework; includeInIndex = 0; path = BaseCodeEasy.framework; sourceTree = BUILT_PRODUCTS_DIR; };
		93DE8C5627FEC8D6003C60BA /* BaseCodeEasy.h */ = {isa = PBXFileReference; lastKnownFileType = sourcecode.c.h; path = BaseCodeEasy.h; sourceTree = "<group>"; };
		93DE8C5727FEC8D6003C60BA /* Info.plist */ = {isa = PBXFileReference; lastKnownFileType = text.plist.xml; path = Info.plist; sourceTree = "<group>"; };
/* End PBXFileReference section */

/* Begin PBXFrameworksBuildPhase section */
		93DE8C5027FEC8D5003C60BA /* Frameworks */ = {
			isa = PBXFrameworksBuildPhase;
			buildActionMask = 2147483647;
			files = (
			);
			runOnlyForDeploymentPostprocessing = 0;
		};
/* End PBXFrameworksBuildPhase section */

/* Begin PBXGroup section */
		93AF2AA62800197100CE69FD /* UIKit */ = {
			isa = PBXGroup;
			children = (
				93907DAE28C4969E0018C09C /* ColorExtensions.swift */,
				93907DA828C4969E0018C09C /* UIActivityExtensions.swift */,
				93907DB328C4969E0018C09C /* UIAlertControllerExtensions.swift */,
				93907DBF28C4969F0018C09C /* UIApplicationExtensions.swift */,
				93907DBE28C4969F0018C09C /* UIBarButtonItemExtensions.swift */,
				93907DAF28C4969E0018C09C /* UICollectionViewExtensions.swift */,
				93907DC028C4969F0018C09C /* UIDatePickerExtensions.swift */,
				93907DB828C4969F0018C09C /* UIEdgeInsetsExtensions.swift */,
				93907DB028C4969E0018C09C /* UIFontExtensions.swift */,
				93907DC328C4969F0018C09C /* UIGestureRecognizerExtensions.swift */,
				93907DA428C4969D0018C09C /* UIImageExtensions.swift */,
				93907DC428C4969F0018C09C /* UIImageViewExtensions.swift */,
				93907DA728C4969E0018C09C /* UILabelExtensions.swift */,
				93907DAC28C4969E0018C09C /* UILayoutPriorityExtensions.swift */,
				93907DA928C4969E0018C09C /* UINavigationBarExtensions.swift */,
				93907DAB28C4969E0018C09C /* UINavigationControllerExtensions.swift */,
				93907DA628C4969E0018C09C /* UINavigationItemExtensions.swift */,
				93907DBC28C4969F0018C09C /* UIRefreshControlExtensions.swift */,
				93907DBA28C4969F0018C09C /* UIScrollViewExtensions.swift */,
				93907DA528C4969E0018C09C /* UISearchBarExtensions.swift */,
				93907DB128C4969E0018C09C /* UISegmentedControlExtensions.swift */,
				93907DC228C4969F0018C09C /* UISliderExtensions.swift */,
				93907DB728C4969E0018C09C /* UIStackViewExtensions.swift */,
				93907DBB28C4969F0018C09C /* UIStoryboardExtensions.swift */,
				93907DB928C4969F0018C09C /* UISwitchExtensions.swift */,
				93907DB228C4969E0018C09C /* UITabBarExtensions.swift */,
				93907DAA28C4969E0018C09C /* UITableViewExtensions.swift */,
				93907DBD28C4969F0018C09C /* UITextField+Extensions.swift */,
				93907DC128C4969F0018C09C /* UITextViewExtensions.swift */,
				93907DB528C4969E0018C09C /* UIView+Extension.swift */,
				93907DB428C4969E0018C09C /* UIViewControllerExtensions.swift */,
				93907DAD28C4969E0018C09C /* UIViewExtensions.swift */,
				93907DB628C4969E0018C09C /* UIWindowExtensions.swift */,
				93907D9F28C4968A0018C09C /* CALayer+Extension.swift */,
				93907D9E28C4968A0018C09C /* Collection+Safe.swift */,
				93907DA228C496900018C09C /* InAppPurchase.swift */,
				93C2C13329840920007130AC /* Extension.swift */,
			);
			path = UIKit;
			sourceTree = "<group>";
		};
		93AF2AA828001A0B00CE69FD /* Library */ = {
			isa = PBXGroup;
			children = (
				93907DE728C496C40018C09C /* ArrayExxtension.swift */,
				93907DF328C496C40018C09C /* CALayerExtension.swift */,
				93907DF428C496C40018C09C /* Collection+Extension.swift */,
				93907DF828C496C50018C09C /* CustomSegment.swift */,
				93907DF728C496C50018C09C /* DateExtension.swift */,
				93907DEF28C496C40018C09C /* DecimalNumber+Extension.swift */,
				93907DF028C496C40018C09C /* Font+Extension.swift */,
				93907DE928C496C40018C09C /* LabelExtension.swift */,
				93907DE828C496C40018C09C /* NumberExtension.swift */,
				93907DF528C496C40018C09C /* SKProductModel.swift */,
				93907DF628C496C50018C09C /* String+Extension.swift */,
				93907DEE28C496C40018C09C /* StringExtension.swift */,
				93907DEB28C496C40018C09C /* UIApplication+Extension.swift */,
				93907DE628C496C40018C09C /* UIButton+Extension.swift */,
				93907DED28C496C40018C09C /* UIColor+Extensions.swift */,
				93907DFB28C496C50018C09C /* UILableExtension.swift */,
				93907DEC28C496C40018C09C /* UITapgesture+Extension.swift */,
				93907DF128C496C40018C09C /* UITextField_Extension.swift */,
				93907DF928C496C50018C09C /* UITextViewExtension.swift */,
				93907DEA28C496C40018C09C /* UIWindow+Extension.swift */,
				93907DF228C496C40018C09C /* ViewControllerExtension.swift */,
				93907DFA28C496C50018C09C /* ViewExtension.swift */,
			);
			path = Library;
			sourceTree = "<group>";
		};
		93AF2B0028001C5800CE69FD /* Helper */ = {
			isa = PBXGroup;
			children = (
				93AF2B0128001C5800CE69FD /* KeyboardInfo.swift */,
			);
			path = Helper;
			sourceTree = "<group>";
		};
		93DE8C4927FEC8D5003C60BA = {
			isa = PBXGroup;
			children = (
				93DE8C5527FEC8D6003C60BA /* BaseCodeEasy */,
				93DE8C5427FEC8D6003C60BA /* Products */,
			);
			sourceTree = "<group>";
		};
		93DE8C5427FEC8D6003C60BA /* Products */ = {
			isa = PBXGroup;
			children = (
				93DE8C5327FEC8D6003C60BA /* BaseCodeEasy.framework */,
			);
			name = Products;
			sourceTree = "<group>";
		};
		93DE8C5527FEC8D6003C60BA /* BaseCodeEasy */ = {
			isa = PBXGroup;
			children = (
				93DE8C5627FEC8D6003C60BA /* BaseCodeEasy.h */,
				93DE8C5727FEC8D6003C60BA /* Info.plist */,
				93AF2B0028001C5800CE69FD /* Helper */,
				93AF2AA62800197100CE69FD /* UIKit */,
				93AF2AA828001A0B00CE69FD /* Library */,
			);
			path = BaseCodeEasy;
			sourceTree = "<group>";
		};
/* End PBXGroup section */

/* Begin PBXHeadersBuildPhase section */
		93DE8C4E27FEC8D5003C60BA /* Headers */ = {
			isa = PBXHeadersBuildPhase;
			buildActionMask = 2147483647;
			files = (
				93DE8C5827FEC8D6003C60BA /* BaseCodeEasy.h in Headers */,
			);
			runOnlyForDeploymentPostprocessing = 0;
		};
/* End PBXHeadersBuildPhase section */

/* Begin PBXNativeTarget section */
		93DE8C5227FEC8D5003C60BA /* BaseCodeEasy */ = {
			isa = PBXNativeTarget;
			buildConfigurationList = 93DE8C5B27FEC8D6003C60BA /* Build configuration list for PBXNativeTarget "BaseCodeEasy" */;
			buildPhases = (
				93DE8C4E27FEC8D5003C60BA /* Headers */,
				93DE8C4F27FEC8D5003C60BA /* Sources */,
				93DE8C5027FEC8D5003C60BA /* Frameworks */,
				93DE8C5127FEC8D5003C60BA /* Resources */,
			);
			buildRules = (
			);
			dependencies = (
			);
			name = BaseCodeEasy;
			productName = BaseCodeEasy;
			productReference = 93DE8C5327FEC8D6003C60BA /* BaseCodeEasy.framework */;
			productType = "com.apple.product-type.framework";
		};
/* End PBXNativeTarget section */

/* Begin PBXProject section */
		93DE8C4A27FEC8D5003C60BA /* Project object */ = {
			isa = PBXProject;
			attributes = {
				LastUpgradeCheck = 1240;
				TargetAttributes = {
					93DE8C5227FEC8D5003C60BA = {
						CreatedOnToolsVersion = 12.4;
						LastSwiftMigration = 1240;
					};
				};
			};
			buildConfigurationList = 93DE8C4D27FEC8D5003C60BA /* Build configuration list for PBXProject "BaseCodeEasy" */;
			compatibilityVersion = "Xcode 9.3";
			developmentRegion = en;
			hasScannedForEncodings = 0;
			knownRegions = (
				en,
				Base,
			);
			mainGroup = 93DE8C4927FEC8D5003C60BA;
			productRefGroup = 93DE8C5427FEC8D6003C60BA /* Products */;
			projectDirPath = "";
			projectRoot = "";
			targets = (
				93DE8C5227FEC8D5003C60BA /* BaseCodeEasy */,
			);
		};
/* End PBXProject section */

/* Begin PBXResourcesBuildPhase section */
		93DE8C5127FEC8D5003C60BA /* Resources */ = {
			isa = PBXResourcesBuildPhase;
			buildActionMask = 2147483647;
			files = (
			);
			runOnlyForDeploymentPostprocessing = 0;
		};
/* End PBXResourcesBuildPhase section */

/* Begin PBXSourcesBuildPhase section */
		93DE8C4F27FEC8D5003C60BA /* Sources */ = {
			isa = PBXSourcesBuildPhase;
			buildActionMask = 2147483647;
			files = (
				93907DFD28C496C50018C09C /* ArrayExxtension.swift in Sources */,
				93907E1128C496C50018C09C /* UILableExtension.swift in Sources */,
				93907DD928C4969F0018C09C /* UIEdgeInsetsExtensions.swift in Sources */,
				93907DCE28C4969F0018C09C /* UIViewExtensions.swift in Sources */,
				93907DDE28C4969F0018C09C /* UITextField+Extensions.swift in Sources */,
				93907DA028C4968A0018C09C /* Collection+Safe.swift in Sources */,
				93907E0B28C496C50018C09C /* SKProductModel.swift in Sources */,
				93907E0D28C496C50018C09C /* DateExtension.swift in Sources */,
				93907DC928C4969F0018C09C /* UIActivityExtensions.swift in Sources */,
				93907DC528C4969F0018C09C /* UIImageExtensions.swift in Sources */,
				93907DD628C4969F0018C09C /* UIView+Extension.swift in Sources */,
				93907DCB28C4969F0018C09C /* UITableViewExtensions.swift in Sources */,
				93907DE128C4969F0018C09C /* UIDatePickerExtensions.swift in Sources */,
				93907DDA28C4969F0018C09C /* UISwitchExtensions.swift in Sources */,
				93907DC828C4969F0018C09C /* UILabelExtensions.swift in Sources */,
				93C2C13429840920007130AC /* Extension.swift in Sources */,
				93907DE428C4969F0018C09C /* UIGestureRecognizerExtensions.swift in Sources */,
				93907DDF28C4969F0018C09C /* UIBarButtonItemExtensions.swift in Sources */,
				93907E0628C496C50018C09C /* Font+Extension.swift in Sources */,
				93907DFE28C496C50018C09C /* NumberExtension.swift in Sources */,
				93907DD728C4969F0018C09C /* UIWindowExtensions.swift in Sources */,
				93907E0328C496C50018C09C /* UIColor+Extensions.swift in Sources */,
				93907DE328C4969F0018C09C /* UISliderExtensions.swift in Sources */,
				93907DDD28C4969F0018C09C /* UIRefreshControlExtensions.swift in Sources */,
				93907E0128C496C50018C09C /* UIApplication+Extension.swift in Sources */,
				93907E0A28C496C50018C09C /* Collection+Extension.swift in Sources */,
				93907DE528C4969F0018C09C /* UIImageViewExtensions.swift in Sources */,
				93907DDC28C4969F0018C09C /* UIStoryboardExtensions.swift in Sources */,
				93907DC628C4969F0018C09C /* UISearchBarExtensions.swift in Sources */,
				93907DD128C4969F0018C09C /* UIFontExtensions.swift in Sources */,
				93907DD428C4969F0018C09C /* UIAlertControllerExtensions.swift in Sources */,
				93907E0028C496C50018C09C /* UIWindow+Extension.swift in Sources */,
				93907DD028C4969F0018C09C /* UICollectionViewExtensions.swift in Sources */,
				93907E0828C496C50018C09C /* ViewControllerExtension.swift in Sources */,
				93AF2B0228001C5800CE69FD /* KeyboardInfo.swift in Sources */,
				93907DFC28C496C50018C09C /* UIButton+Extension.swift in Sources */,
				93907DA128C4968A0018C09C /* CALayer+Extension.swift in Sources */,
				93907E0228C496C50018C09C /* UITapgesture+Extension.swift in Sources */,
				93907E0928C496C50018C09C /* CALayerExtension.swift in Sources */,
				93907DD328C4969F0018C09C /* UITabBarExtensions.swift in Sources */,
				93907DC728C4969F0018C09C /* UINavigationItemExtensions.swift in Sources */,
				93907DD228C4969F0018C09C /* UISegmentedControlExtensions.swift in Sources */,
				93907E0728C496C50018C09C /* UITextField_Extension.swift in Sources */,
				93907DCF28C4969F0018C09C /* ColorExtensions.swift in Sources */,
				93907DA328C496900018C09C /* InAppPurchase.swift in Sources */,
				93907DD828C4969F0018C09C /* UIStackViewExtensions.swift in Sources */,
				93907E0E28C496C50018C09C /* CustomSegment.swift in Sources */,
				93907DCD28C4969F0018C09C /* UILayoutPriorityExtensions.swift in Sources */,
				93907DD528C4969F0018C09C /* UIViewControllerExtensions.swift in Sources */,
				93907DCA28C4969F0018C09C /* UINavigationBarExtensions.swift in Sources */,
				93907E1028C496C50018C09C /* ViewExtension.swift in Sources */,
				93907E0C28C496C50018C09C /* String+Extension.swift in Sources */,
				93907DE028C4969F0018C09C /* UIApplicationExtensions.swift in Sources */,
				93907DCC28C4969F0018C09C /* UINavigationControllerExtensions.swift in Sources */,
				93907E0F28C496C50018C09C /* UITextViewExtension.swift in Sources */,
				93907E0528C496C50018C09C /* DecimalNumber+Extension.swift in Sources */,
				93907DFF28C496C50018C09C /* LabelExtension.swift in Sources */,
				93907DDB28C4969F0018C09C /* UIScrollViewExtensions.swift in Sources */,
				93907E0428C496C50018C09C /* StringExtension.swift in Sources */,
				93907DE228C4969F0018C09C /* UITextViewExtensions.swift in Sources */,
			);
			runOnlyForDeploymentPostprocessing = 0;
		};
/* End PBXSourcesBuildPhase section */

/* Begin XCBuildConfiguration section */
		93DE8C5927FEC8D6003C60BA /* Debug */ = {
			isa = XCBuildConfiguration;
			buildSettings = {
				ALWAYS_SEARCH_USER_PATHS = NO;
				CLANG_ANALYZER_NONNULL = YES;
				CLANG_ANALYZER_NUMBER_OBJECT_CONVERSION = YES_AGGRESSIVE;
				CLANG_CXX_LANGUAGE_STANDARD = "gnu++14";
				CLANG_CXX_LIBRARY = "libc++";
				CLANG_ENABLE_MODULES = YES;
				CLANG_ENABLE_OBJC_ARC = YES;
				CLANG_ENABLE_OBJC_WEAK = YES;
				CLANG_WARN_BLOCK_CAPTURE_AUTORELEASING = YES;
				CLANG_WARN_BOOL_CONVERSION = YES;
				CLANG_WARN_COMMA = YES;
				CLANG_WARN_CONSTANT_CONVERSION = YES;
				CLANG_WARN_DEPRECATED_OBJC_IMPLEMENTATIONS = YES;
				CLANG_WARN_DIRECT_OBJC_ISA_USAGE = YES_ERROR;
				CLANG_WARN_DOCUMENTATION_COMMENTS = YES;
				CLANG_WARN_EMPTY_BODY = YES;
				CLANG_WARN_ENUM_CONVERSION = YES;
				CLANG_WARN_INFINITE_RECURSION = YES;
				CLANG_WARN_INT_CONVERSION = YES;
				CLANG_WARN_NON_LITERAL_NULL_CONVERSION = YES;
				CLANG_WARN_OBJC_IMPLICIT_RETAIN_SELF = YES;
				CLANG_WARN_OBJC_LITERAL_CONVERSION = YES;
				CLANG_WARN_OBJC_ROOT_CLASS = YES_ERROR;
				CLANG_WARN_QUOTED_INCLUDE_IN_FRAMEWORK_HEADER = YES;
				CLANG_WARN_RANGE_LOOP_ANALYSIS = YES;
				CLANG_WARN_STRICT_PROTOTYPES = YES;
				CLANG_WARN_SUSPICIOUS_MOVE = YES;
				CLANG_WARN_UNGUARDED_AVAILABILITY = YES_AGGRESSIVE;
				CLANG_WARN_UNREACHABLE_CODE = YES;
				CLANG_WARN__DUPLICATE_METHOD_MATCH = YES;
				COPY_PHASE_STRIP = NO;
				CURRENT_PROJECT_VERSION = 1;
				DEBUG_INFORMATION_FORMAT = dwarf;
				ENABLE_STRICT_OBJC_MSGSEND = YES;
				ENABLE_TESTABILITY = YES;
				GCC_C_LANGUAGE_STANDARD = gnu11;
				GCC_DYNAMIC_NO_PIC = NO;
				GCC_NO_COMMON_BLOCKS = YES;
				GCC_OPTIMIZATION_LEVEL = 0;
				GCC_PREPROCESSOR_DEFINITIONS = (
					"DEBUG=1",
					"$(inherited)",
				);
				GCC_WARN_64_TO_32_BIT_CONVERSION = YES;
				GCC_WARN_ABOUT_RETURN_TYPE = YES_ERROR;
				GCC_WARN_UNDECLARED_SELECTOR = YES;
				GCC_WARN_UNINITIALIZED_AUTOS = YES_AGGRESSIVE;
				GCC_WARN_UNUSED_FUNCTION = YES;
				GCC_WARN_UNUSED_VARIABLE = YES;
				IPHONEOS_DEPLOYMENT_TARGET = 13.0;
				MTL_ENABLE_DEBUG_INFO = INCLUDE_SOURCE;
				MTL_FAST_MATH = YES;
				ONLY_ACTIVE_ARCH = YES;
				SDKROOT = iphoneos;
				SWIFT_ACTIVE_COMPILATION_CONDITIONS = DEBUG;
				SWIFT_OPTIMIZATION_LEVEL = "-Onone";
				VERSIONING_SYSTEM = "apple-generic";
				VERSION_INFO_PREFIX = "";
			};
			name = Debug;
		};
		93DE8C5A27FEC8D6003C60BA /* Release */ = {
			isa = XCBuildConfiguration;
			buildSettings = {
				ALWAYS_SEARCH_USER_PATHS = NO;
				CLANG_ANALYZER_NONNULL = YES;
				CLANG_ANALYZER_NUMBER_OBJECT_CONVERSION = YES_AGGRESSIVE;
				CLANG_CXX_LANGUAGE_STANDARD = "gnu++14";
				CLANG_CXX_LIBRARY = "libc++";
				CLANG_ENABLE_MODULES = YES;
				CLANG_ENABLE_OBJC_ARC = YES;
				CLANG_ENABLE_OBJC_WEAK = YES;
				CLANG_WARN_BLOCK_CAPTURE_AUTORELEASING = YES;
				CLANG_WARN_BOOL_CONVERSION = YES;
				CLANG_WARN_COMMA = YES;
				CLANG_WARN_CONSTANT_CONVERSION = YES;
				CLANG_WARN_DEPRECATED_OBJC_IMPLEMENTATIONS = YES;
				CLANG_WARN_DIRECT_OBJC_ISA_USAGE = YES_ERROR;
				CLANG_WARN_DOCUMENTATION_COMMENTS = YES;
				CLANG_WARN_EMPTY_BODY = YES;
				CLANG_WARN_ENUM_CONVERSION = YES;
				CLANG_WARN_INFINITE_RECURSION = YES;
				CLANG_WARN_INT_CONVERSION = YES;
				CLANG_WARN_NON_LITERAL_NULL_CONVERSION = YES;
				CLANG_WARN_OBJC_IMPLICIT_RETAIN_SELF = YES;
				CLANG_WARN_OBJC_LITERAL_CONVERSION = YES;
				CLANG_WARN_OBJC_ROOT_CLASS = YES_ERROR;
				CLANG_WARN_QUOTED_INCLUDE_IN_FRAMEWORK_HEADER = YES;
				CLANG_WARN_RANGE_LOOP_ANALYSIS = YES;
				CLANG_WARN_STRICT_PROTOTYPES = YES;
				CLANG_WARN_SUSPICIOUS_MOVE = YES;
				CLANG_WARN_UNGUARDED_AVAILABILITY = YES_AGGRESSIVE;
				CLANG_WARN_UNREACHABLE_CODE = YES;
				CLANG_WARN__DUPLICATE_METHOD_MATCH = YES;
				COPY_PHASE_STRIP = NO;
				CURRENT_PROJECT_VERSION = 1;
				DEBUG_INFORMATION_FORMAT = "dwarf-with-dsym";
				ENABLE_NS_ASSERTIONS = NO;
				ENABLE_STRICT_OBJC_MSGSEND = YES;
				GCC_C_LANGUAGE_STANDARD = gnu11;
				GCC_NO_COMMON_BLOCKS = YES;
				GCC_WARN_64_TO_32_BIT_CONVERSION = YES;
				GCC_WARN_ABOUT_RETURN_TYPE = YES_ERROR;
				GCC_WARN_UNDECLARED_SELECTOR = YES;
				GCC_WARN_UNINITIALIZED_AUTOS = YES_AGGRESSIVE;
				GCC_WARN_UNUSED_FUNCTION = YES;
				GCC_WARN_UNUSED_VARIABLE = YES;
				IPHONEOS_DEPLOYMENT_TARGET = 13.0;
				MTL_ENABLE_DEBUG_INFO = NO;
				MTL_FAST_MATH = YES;
				SDKROOT = iphoneos;
				SWIFT_COMPILATION_MODE = wholemodule;
				SWIFT_OPTIMIZATION_LEVEL = "-O";
				VALIDATE_PRODUCT = YES;
				VERSIONING_SYSTEM = "apple-generic";
				VERSION_INFO_PREFIX = "";
			};
			name = Release;
		};
		93DE8C5C27FEC8D6003C60BA /* Debug */ = {
			isa = XCBuildConfiguration;
			buildSettings = {
				CLANG_ENABLE_MODULES = YES;
				CODE_SIGN_STYLE = Automatic;
				DEFINES_MODULE = YES;
				DEVELOPMENT_TEAM = ZX8LBHXXZB;
				DYLIB_COMPATIBILITY_VERSION = 1;
				DYLIB_CURRENT_VERSION = 1;
				DYLIB_INSTALL_NAME_BASE = "@rpath";
				INFOPLIST_FILE = BaseCodeEasy/Info.plist;
				INSTALL_PATH = "$(LOCAL_LIBRARY_DIR)/Frameworks";
				IPHONEOS_DEPLOYMENT_TARGET = 13.0;
				LD_RUNPATH_SEARCH_PATHS = (
					"$(inherited)",
					"@executable_path/Frameworks",
					"@loader_path/Frameworks",
				);
				PRODUCT_BUNDLE_IDENTIFIER = haiphan.BaseCodeEasy;
				PRODUCT_NAME = "$(TARGET_NAME:c99extidentifier)";
				SKIP_INSTALL = YES;
				SUPPORTS_MACCATALYST = NO;
				SWIFT_OPTIMIZATION_LEVEL = "-Onone";
				SWIFT_VERSION = 5.0;
				TARGETED_DEVICE_FAMILY = "1,2";
			};
			name = Debug;
		};
		93DE8C5D27FEC8D6003C60BA /* Release */ = {
			isa = XCBuildConfiguration;
			buildSettings = {
				CLANG_ENABLE_MODULES = YES;
				CODE_SIGN_STYLE = Automatic;
				DEFINES_MODULE = YES;
				DEVELOPMENT_TEAM = ZX8LBHXXZB;
				DYLIB_COMPATIBILITY_VERSION = 1;
				DYLIB_CURRENT_VERSION = 1;
				DYLIB_INSTALL_NAME_BASE = "@rpath";
				INFOPLIST_FILE = BaseCodeEasy/Info.plist;
				INSTALL_PATH = "$(LOCAL_LIBRARY_DIR)/Frameworks";
				IPHONEOS_DEPLOYMENT_TARGET = 13.0;
				LD_RUNPATH_SEARCH_PATHS = (
					"$(inherited)",
					"@executable_path/Frameworks",
					"@loader_path/Frameworks",
				);
				PRODUCT_BUNDLE_IDENTIFIER = haiphan.BaseCodeEasy;
				PRODUCT_NAME = "$(TARGET_NAME:c99extidentifier)";
				SKIP_INSTALL = YES;
				SUPPORTS_MACCATALYST = NO;
				SWIFT_VERSION = 5.0;
				TARGETED_DEVICE_FAMILY = "1,2";
			};
			name = Release;
		};
/* End XCBuildConfiguration section */

/* Begin XCConfigurationList section */
		93DE8C4D27FEC8D5003C60BA /* Build configuration list for PBXProject "BaseCodeEasy" */ = {
			isa = XCConfigurationList;
			buildConfigurations = (
				93DE8C5927FEC8D6003C60BA /* Debug */,
				93DE8C5A27FEC8D6003C60BA /* Release */,
			);
			defaultConfigurationIsVisible = 0;
			defaultConfigurationName = Release;
		};
		93DE8C5B27FEC8D6003C60BA /* Build configuration list for PBXNativeTarget "BaseCodeEasy" */ = {
			isa = XCConfigurationList;
			buildConfigurations = (
				93DE8C5C27FEC8D6003C60BA /* Debug */,
				93DE8C5D27FEC8D6003C60BA /* Release */,
			);
			defaultConfigurationIsVisible = 0;
			defaultConfigurationName = Release;
		};
/* End XCConfigurationList section */
	};
	rootObject = 93DE8C4A27FEC8D5003C60BA /* Project object */;
}
